
Microsoft Visual Studio Solution File, Format Version 12.00
# Visual Studio Version 16
VisualStudioVersion = 16.0.29020.237
MinimumVisualStudioVersion = 10.0.40219.1
Project("{FAE04EC0-301F-11D3-BF4B-00C04F79EFBC}") = "TMS.API", "TMS.API\TMS.API.csproj", "{2F9C066C-021E-456F-AB56-F26BB5280820}"
EndProject
Project("{FAE04EC0-301F-11D3-BF4B-00C04F79EFBC}") = "TMS.Dapper", "TMS.Dapper\TMS.Dapper.csproj", "{7E69B63E-1500-49CC-99C2-2CE9BEDB7842}"
EndProject
Project("{FAE04EC0-301F-11D3-BF4B-00C04F79EFBC}") = "TMS.DataEntities", "TMS.DataEntities\TMS.DataEntities.csproj", "{37C6AA37-20F0-4535-9951-E6AC39F26193}"
EndProject
Global
	GlobalSection(SolutionConfigurationPlatforms) = preSolution
		Debug|Any CPU = Debug|Any CPU
		Release|Any CPU = Release|Any CPU
	EndGlobalSection
	GlobalSection(ProjectConfigurationPlatforms) = postSolution
		{2F9C066C-021E-456F-AB56-F26BB5280820}.Debug|Any CPU.ActiveCfg = Debug|Any CPU
		{2F9C066C-021E-456F-AB56-F26BB5280820}.Debug|Any CPU.Build.0 = Debug|Any CPU
		{2F9C066C-021E-456F-AB56-F26BB5280820}.Release|Any CPU.ActiveCfg = Release|Any CPU
		{2F9C066C-021E-456F-AB56-F26BB5280820}.Release|Any CPU.Build.0 = Release|Any CPU
		{7E69B63E-1500-49CC-99C2-2CE9BEDB7842}.Debug|Any CPU.ActiveCfg = Debug|Any CPU
		{7E69B63E-1500-49CC-99C2-2CE9BEDB7842}.Debug|Any CPU.Build.0 = Debug|Any CPU
		{7E69B63E-1500-49CC-99C2-2CE9BEDB7842}.Release|Any CPU.ActiveCfg = Release|Any CPU
		{7E69B63E-1500-49CC-99C2-2CE9BEDB7842}.Release|Any CPU.Build.0 = Release|Any CPU
		{37C6AA37-20F0-4535-9951-E6AC39F26193}.Debug|Any CPU.ActiveCfg = Debug|Any CPU
		{37C6AA37-20F0-4535-9951-E6AC39F26193}.Debug|Any CPU.Build.0 = Debug|Any CPU
		{37C6AA37-20F0-4535-9951-E6AC39F26193}.Release|Any CPU.ActiveCfg = Release|Any CPU
		{37C6AA37-20F0-4535-9951-E6AC39F26193}.Release|Any CPU.Build.0 = Release|Any CPU
	EndGlobalSection
	GlobalSection(SolutionProperties) = preSolution
		HideSolutionNode = FALSE
	EndGlobalSection
	GlobalSection(ExtensibilityGlobals) = postSolution
		SolutionGuid = {43F0DA5C-84C3-404A-A761-080448BED262}
	EndGlobalSection
EndGlobal
